
Microsoft Visual Studio Solution File, Format Version 12.00
# Visual Studio Version 17
VisualStudioVersion = 17.8.34408.163
MinimumVisualStudioVersion = 10.0.40219.1
Project("{9A19103F-16F7-4668-BE54-9A1E7A4F7556}") = "ApiRH.API", "ApiRH\ApiRH.API.csproj", "{023FE9E9-40B6-4405-8FC7-8F617FEB705B}"
	ProjectSection(ProjectDependencies) = postProject
		{616DFDB4-AD5A-4090-8454-DDAEA12DAB7F} = {616DFDB4-AD5A-4090-8454-DDAEA12DAB7F}
		{6DA97BA3-758A-442F-B5BE-1B0A20488921} = {6DA97BA3-758A-442F-B5BE-1B0A20488921}
	EndProjectSection
EndProject
Project("{2150E333-8FDC-42A3-9474-1A3956D46DE8}") = "1 - Apresentação", "1 - Apresentação", "{26ED64E9-1E8E-49FE-84B4-81D3CEDAC9D9}"
EndProject
Project("{2150E333-8FDC-42A3-9474-1A3956D46DE8}") = "2 - Dominio", "2 - Dominio", "{CD970859-0E5D-4A9D-9E75-0247F07CBE12}"
EndProject
Project("{2150E333-8FDC-42A3-9474-1A3956D46DE8}") = "3 - Infra", "3 - Infra", "{E0150D84-769A-4D00-A667-E11518ACD7F1}"
EndProject
Project("{9A19103F-16F7-4668-BE54-9A1E7A4F7556}") = "ApiRH.Dominio", "ApiRH.Dominio\ApiRH.Dominio.csproj", "{A865B628-6831-415A-A901-2683EDF07F4B}"
EndProject
Project("{9A19103F-16F7-4668-BE54-9A1E7A4F7556}") = "ApiRH.Dominio.Core", "ApiRH.Dominio.Core\ApiRH.Dominio.Core.csproj", "{6DA97BA3-758A-442F-B5BE-1B0A20488921}"
EndProject
Project("{9A19103F-16F7-4668-BE54-9A1E7A4F7556}") = "ApiRH.Infra.Data", "ApiRH.Infra.Data\ApiRH.Infra.Data.csproj", "{616DFDB4-AD5A-4090-8454-DDAEA12DAB7F}"
	ProjectSection(ProjectDependencies) = postProject
		{6DA97BA3-758A-442F-B5BE-1B0A20488921} = {6DA97BA3-758A-442F-B5BE-1B0A20488921}
		{A865B628-6831-415A-A901-2683EDF07F4B} = {A865B628-6831-415A-A901-2683EDF07F4B}
	EndProjectSection
EndProject
Project("{2150E333-8FDC-42A3-9474-1A3956D46DE8}") = "3.2 - Data", "3.2 - Data", "{9A14A4A9-595B-40D0-B1E8-77ADC439A54E}"
EndProject
Project("{2150E333-8FDC-42A3-9474-1A3956D46DE8}") = "3.1 - CrossCutting", "3.1 - CrossCutting", "{98DE2988-B2D2-4433-B52C-488CD9765E99}"
EndProject
Project("{FAE04EC0-301F-11D3-BF4B-00C04F79EFBC}") = "ApiRH.Infra.IoC", "ApiRH.Infra.IoC\ApiRH.Infra.IoC.csproj", "{5DACA98D-3848-4AB8-BDDE-87A532975CB3}"
	ProjectSection(ProjectDependencies) = postProject
		{616DFDB4-AD5A-4090-8454-DDAEA12DAB7F} = {616DFDB4-AD5A-4090-8454-DDAEA12DAB7F}
		{6DA97BA3-758A-442F-B5BE-1B0A20488921} = {6DA97BA3-758A-442F-B5BE-1B0A20488921}
		{A865B628-6831-415A-A901-2683EDF07F4B} = {A865B628-6831-415A-A901-2683EDF07F4B}
	EndProjectSection
EndProject
Global
	GlobalSection(SolutionConfigurationPlatforms) = preSolution
		Debug|Any CPU = Debug|Any CPU
		Release|Any CPU = Release|Any CPU
	EndGlobalSection
	GlobalSection(ProjectConfigurationPlatforms) = postSolution
		{023FE9E9-40B6-4405-8FC7-8F617FEB705B}.Debug|Any CPU.ActiveCfg = Debug|Any CPU
		{023FE9E9-40B6-4405-8FC7-8F617FEB705B}.Debug|Any CPU.Build.0 = Debug|Any CPU
		{023FE9E9-40B6-4405-8FC7-8F617FEB705B}.Release|Any CPU.ActiveCfg = Release|Any CPU
		{023FE9E9-40B6-4405-8FC7-8F617FEB705B}.Release|Any CPU.Build.0 = Release|Any CPU
		{A865B628-6831-415A-A901-2683EDF07F4B}.Debug|Any CPU.ActiveCfg = Debug|Any CPU
		{A865B628-6831-415A-A901-2683EDF07F4B}.Debug|Any CPU.Build.0 = Debug|Any CPU
		{A865B628-6831-415A-A901-2683EDF07F4B}.Release|Any CPU.ActiveCfg = Release|Any CPU
		{A865B628-6831-415A-A901-2683EDF07F4B}.Release|Any CPU.Build.0 = Release|Any CPU
		{6DA97BA3-758A-442F-B5BE-1B0A20488921}.Debug|Any CPU.ActiveCfg = Debug|Any CPU
		{6DA97BA3-758A-442F-B5BE-1B0A20488921}.Debug|Any CPU.Build.0 = Debug|Any CPU
		{6DA97BA3-758A-442F-B5BE-1B0A20488921}.Release|Any CPU.ActiveCfg = Release|Any CPU
		{6DA97BA3-758A-442F-B5BE-1B0A20488921}.Release|Any CPU.Build.0 = Release|Any CPU
		{616DFDB4-AD5A-4090-8454-DDAEA12DAB7F}.Debug|Any CPU.ActiveCfg = Debug|Any CPU
		{616DFDB4-AD5A-4090-8454-DDAEA12DAB7F}.Debug|Any CPU.Build.0 = Debug|Any CPU
		{616DFDB4-AD5A-4090-8454-DDAEA12DAB7F}.Release|Any CPU.ActiveCfg = Release|Any CPU
		{616DFDB4-AD5A-4090-8454-DDAEA12DAB7F}.Release|Any CPU.Build.0 = Release|Any CPU
		{5DACA98D-3848-4AB8-BDDE-87A532975CB3}.Debug|Any CPU.ActiveCfg = Debug|Any CPU
		{5DACA98D-3848-4AB8-BDDE-87A532975CB3}.Debug|Any CPU.Build.0 = Debug|Any CPU
		{5DACA98D-3848-4AB8-BDDE-87A532975CB3}.Release|Any CPU.ActiveCfg = Release|Any CPU
		{5DACA98D-3848-4AB8-BDDE-87A532975CB3}.Release|Any CPU.Build.0 = Release|Any CPU
	EndGlobalSection
	GlobalSection(SolutionProperties) = preSolution
		HideSolutionNode = FALSE
	EndGlobalSection
	GlobalSection(NestedProjects) = preSolution
		{023FE9E9-40B6-4405-8FC7-8F617FEB705B} = {26ED64E9-1E8E-49FE-84B4-81D3CEDAC9D9}
		{A865B628-6831-415A-A901-2683EDF07F4B} = {CD970859-0E5D-4A9D-9E75-0247F07CBE12}
		{6DA97BA3-758A-442F-B5BE-1B0A20488921} = {CD970859-0E5D-4A9D-9E75-0247F07CBE12}
		{616DFDB4-AD5A-4090-8454-DDAEA12DAB7F} = {9A14A4A9-595B-40D0-B1E8-77ADC439A54E}
		{9A14A4A9-595B-40D0-B1E8-77ADC439A54E} = {E0150D84-769A-4D00-A667-E11518ACD7F1}
		{98DE2988-B2D2-4433-B52C-488CD9765E99} = {E0150D84-769A-4D00-A667-E11518ACD7F1}
		{5DACA98D-3848-4AB8-BDDE-87A532975CB3} = {98DE2988-B2D2-4433-B52C-488CD9765E99}
	EndGlobalSection
	GlobalSection(ExtensibilityGlobals) = postSolution
		SolutionGuid = {159E5AD0-B63C-42FC-A4B4-6B2BF4909156}
	EndGlobalSection
EndGlobal
